# THIS IS AN AUTOGENERATED FILE. DO NOT EDIT THIS FILE DIRECTLY.
# yarn lockfile v1


"@openzeppelin/contracts@^5.0.0":
  version "5.0.0"
  resolved "https://registry.yarnpkg.com/@openzeppelin/contracts/-/contracts-5.0.0.tgz#ee0e4b4564f101a5c4ee398cd4d73c0bd92b289c"
  integrity sha512-bv2sdS6LKqVVMLI5+zqnNrNU/CA+6z6CmwFXm/MzmOPBRSO5reEJN7z0Gbzvs0/bv/MZZXNklubpwy3v2+azsw==
